dependencies:
- name: jellyfin
  repository: file://../jellyfin
  version: 0.1.0
- name: seerr
  repository: file://../seerr
  version: 0.1.0
- name: sonarr
  repository: file://../sonarr
  version: 0.1.0
- name: radarr
  repository: file://../radarr
  version: 0.1.0
- name: lidarr
  repository: file://../lidarr
  version: 0.1.0
- name: prowlarr
  repository: file://../prowlarr
  version: 0.1.0
- name: bazarr
  repository: file://../bazarr
  version: 0.1.0
- name: qbittorrent
  repository: file://../qbittorrent
  version: 0.1.0
- name: flaresolverr
  repository: file://../flaresolverr
  version: 0.1.0
- name: profilarr
  repository: file://../profilarr
  version: 0.1.0
- name: cleanuparr
  repository: file://../cleanuparr
  version: 0.1.0
- name: maintainerr
  repository: file://../maintainerr
  version: 0.1.0
- name: autobrr
  repository: file://../autobrr
  version: 0.1.0
- name: tracearr
  repository: file://../tracearr
  version: 0.1.0
- name: scraparr
  repository: file://../scraparr
  version: 0.1.0
- name: plex
  repository: file://../plex
  version: 0.1.0
- name: emby
  repository: file://../emby
  version: 0.1.0
- name: tautulli
  repository: file://../tautulli
  version: 0.1.0
- name: suggestarr
  repository: file://../suggestarr
  version: 0.1.0
- name: samba
  repository: file://../samba
  version: 0.1.0
digest: sha256:55ffce1ed79455c9de523380c151505753182e5beac478fd8d460d4de3dfa7a7
generated: "2026-08-08T15:12:07.9140833+02:00"
